
Microsoft Visual Studio Solution File, Format Version 12.00
# Visual Studio Version 17
VisualStudioVersion = 17.9.34607.119
MinimumVisualStudioVersion = 10.0.40219.1
Project("{FAE04EC0-301F-11D3-BF4B-00C04F79EFBC}") = "blazor", "blazor\blazor\blazor.csproj", "{A65FF0C3-5D14-499C-83E2-62BEE5957FF7}"
EndProject
Project("{FAE04EC0-301F-11D3-BF4B-00C04F79EFBC}") = "blazor.Client", "blazor\blazor.Client\blazor.Client.csproj", "{8FCB6776-366A-4F0C-894F-89A0E6EAC718}"
EndProject
Global
	GlobalSection(SolutionConfigurationPlatforms) = preSolution
		Debug|Any CPU = Debug|Any CPU
		Release|Any CPU = Release|Any CPU
	EndGlobalSection
	GlobalSection(ProjectConfigurationPlatforms) = postSolution
		{A65FF0C3-5D14-499C-83E2-62BEE5957FF7}.Debug|Any CPU.ActiveCfg = Debug|Any CPU
		{A65FF0C3-5D14-499C-83E2-62BEE5957FF7}.Debug|Any CPU.Build.0 = Debug|Any CPU
		{A65FF0C3-5D14-499C-83E2-62BEE5957FF7}.Release|Any CPU.ActiveCfg = Release|Any CPU
		{A65FF0C3-5D14-499C-83E2-62BEE5957FF7}.Release|Any CPU.Build.0 = Release|Any CPU
		{8FCB6776-366A-4F0C-894F-89A0E6EAC718}.Debug|Any CPU.ActiveCfg = Debug|Any CPU
		{8FCB6776-366A-4F0C-894F-89A0E6EAC718}.Debug|Any CPU.Build.0 = Debug|Any CPU
		{8FCB6776-366A-4F0C-894F-89A0E6EAC718}.Release|Any CPU.ActiveCfg = Release|Any CPU
		{8FCB6776-366A-4F0C-894F-89A0E6EAC718}.Release|Any CPU.Build.0 = Release|Any CPU
	EndGlobalSection
	GlobalSection(SolutionProperties) = preSolution
		HideSolutionNode = FALSE
	EndGlobalSection
	GlobalSection(ExtensibilityGlobals) = postSolution
		SolutionGuid = {85A2079E-4F9A-4B2E-A88C-AE2CC7EE8BDE}
	EndGlobalSection
EndGlobal
